
Microsoft Visual Studio Solution File, Format Version 12.00
# Visual Studio Version 17
VisualStudioVersion = 17.13.35931.197 d17.13
MinimumVisualStudioVersion = 10.0.40219.1
Project("{FAE04EC0-301F-11D3-BF4B-00C04F79EFBC}") = "ex4", "ex4.csproj", "{5BD7B6C8-C7DD-4710-9893-E1B9A2AEAFE6}"
EndProject
Global
	GlobalSection(SolutionConfigurationPlatforms) = preSolution
		Debug|Any CPU = Debug|Any CPU
		Release|Any CPU = Release|Any CPU
	EndGlobalSection
	GlobalSection(ProjectConfigurationPlatforms) = postSolution
		{5BD7B6C8-C7DD-4710-9893-E1B9A2AEAFE6}.Debug|Any CPU.ActiveCfg = Debug|Any CPU
		{5BD7B6C8-C7DD-4710-9893-E1B9A2AEAFE6}.Debug|Any CPU.Build.0 = Debug|Any CPU
		{5BD7B6C8-C7DD-4710-9893-E1B9A2AEAFE6}.Release|Any CPU.ActiveCfg = Release|Any CPU
		{5BD7B6C8-C7DD-4710-9893-E1B9A2AEAFE6}.Release|Any CPU.Build.0 = Release|Any CPU
	EndGlobalSection
	GlobalSection(SolutionProperties) = preSolution
		HideSolutionNode = FALSE
	EndGlobalSection
	GlobalSection(ExtensibilityGlobals) = postSolution
		SolutionGuid = {FDA9B1CD-0362-4D3B-8ED8-4914184CAE50}
	EndGlobalSection
EndGlobal
